
Microsoft Visual Studio Solution File, Format Version 12.00
# Visual Studio Version 16
VisualStudioVersion = 16.0.30002.166
MinimumVisualStudioVersion = 10.0.40219.1
Project("{FAE04EC0-301F-11D3-BF4B-00C04F79EFBC}") = "MyTV", "MyTV\MyTV.csproj", "{96559FA4-B3A9-4B28-8431-A166DAEE085D}"
EndProject
Global
	GlobalSection(SolutionConfigurationPlatforms) = preSolution
		Debug|Any CPU = Debug|Any CPU
		Release|Any CPU = Release|Any CPU
	EndGlobalSection
	GlobalSection(ProjectConfigurationPlatforms) = postSolution
		{96559FA4-B3A9-4B28-8431-A166DAEE085D}.Debug|Any CPU.ActiveCfg = Debug|Any CPU
		{96559FA4-B3A9-4B28-8431-A166DAEE085D}.Debug|Any CPU.Build.0 = Debug|Any CPU
		{96559FA4-B3A9-4B28-8431-A166DAEE085D}.Release|Any CPU.ActiveCfg = Release|Any CPU
		{96559FA4-B3A9-4B28-8431-A166DAEE085D}.Release|Any CPU.Build.0 = Release|Any CPU
	EndGlobalSection
	GlobalSection(SolutionProperties) = preSolution
		HideSolutionNode = FALSE
	EndGlobalSection
	GlobalSection(ExtensibilityGlobals) = postSolution
		SolutionGuid = {A736892F-E91F-40C0-8A58-F4D0604B6DF3}
	EndGlobalSection
EndGlobal
